// !$*UTF8*$!
{
	archiveVersion = 1;
	classes = {
	};
	objectVersion = 50;
	objects = {

/* Begin PBXBuildFile section */
		35C09C6222F9735A00457581 /* LXMInfoDispatcher.m in Sources */ = {isa = PBXBuildFile; fileRef = 35C09C5E22F9735A00457581 /* LXMInfoDispatcher.m */; };
		35C09C6322F9735A00457581 /* LXMHTTPSessionManager.m in Sources */ = {isa = PBXBuildFile; fileRef = 35C09C5F22F9735A00457581 /* LXMHTTPSessionManager.m */; };
		35E4D54722C61B23009FBBC9 /* AppDelegate.m in Sources */ = {isa = PBXBuildFile; fileRef = 35E4D54622C61B23009FBBC9 /* AppDelegate.m */; };
		35E4D54A22C61B23009FBBC9 /* ViewController.m in Sources */ = {isa = PBXBuildFile; fileRef = 35E4D54922C61B23009FBBC9 /* ViewController.m */; };
		35E4D54D22C61B23009FBBC9 /* Main.storyboard in Resources */ = {isa = PBXBuildFile; fileRef = 35E4D54B22C61B23009FBBC9 /* Main.storyboard */; };
		35E4D54F22C61B25009FBBC9 /* Assets.xcassets in Resources */ = {isa = PBXBuildFile; fileRef = 35E4D54E22C61B25009FBBC9 /* Assets.xcassets */; };
		35E4D55222C61B25009FBBC9 /* LaunchScreen.storyboard in Resources */ = {isa = PBXBuildFile; fileRef = 35E4D55022C61B25009FBBC9 /* LaunchScreen.storyboard */; };
		35E4D55522C61B25009FBBC9 /* main.m in Sources */ = {isa = PBXBuildFile; fileRef = 35E4D55422C61B25009FBBC9 /* main.m */; };
		35E4D57422C625EF009FBBC9 /* CustomRequest.m in Sources */ = {isa = PBXBuildFile; fileRef = 35E4D57322C625EF009FBBC9 /* CustomRequest.m */; };
		35E4D57722C62669009FBBC9 /* Model.m in Sources */ = {isa = PBXBuildFile; fileRef = 35E4D57622C62669009FBBC9 /* Model.m */; };
		F271234D3664F4102429FB84 /* libPods-Example.a in Frameworks */ = {isa = PBXBuildFile; fileRef = 18432EC9BE06B0BB412F41B6 /* libPods-Example.a */; };
/* End PBXBuildFile section */

/* Begin PBXFileReference section */
		18432EC9BE06B0BB412F41B6 /* libPods-Example.a */ = {isa = PBXFileReference; explicitFileType = archive.ar; includeInIndex = 0; path = "libPods-Example.a"; sourceTree = BUILT_PRODUCTS_DIR; };
		35C09C5E22F9735A00457581 /* LXMInfoDispatcher.m */ = {isa = PBXFileReference; fileEncoding = 4; lastKnownFileType = sourcecode.c.objc; path = LXMInfoDispatcher.m; sourceTree = "<group>"; };
		35C09C5F22F9735A00457581 /* LXMHTTPSessionManager.m */ = {isa = PBXFileReference; fileEncoding = 4; lastKnownFileType = sourcecode.c.objc; path = LXMHTTPSessionManager.m; sourceTree = "<group>"; };
		35C09C6022F9735A00457581 /* LXMHTTPSessionManager.h */ = {isa = PBXFileReference; fileEncoding = 4; lastKnownFileType = sourcecode.c.h; path = LXMHTTPSessionManager.h; sourceTree = "<group>"; };
		35C09C6122F9735A00457581 /* LXMInfoDispatcher.h */ = {isa = PBXFileReference; fileEncoding = 4; lastKnownFileType = sourcecode.c.h; path = LXMInfoDispatcher.h; sourceTree = "<group>"; };
		35E4D54222C61B23009FBBC9 /* Example.app */ = {isa = PBXFileReference; explicitFileType = wrapper.application; includeInIndex = 0; path = Example.app; sourceTree = BUILT_PRODUCTS_DIR; };
		35E4D54522C61B23009FBBC9 /* AppDelegate.h */ = {isa = PBXFileReference; lastKnownFileType = sourcecode.c.h; path = AppDelegate.h; sourceTree = "<group>"; };
		35E4D54622C61B23009FBBC9 /* AppDelegate.m */ = {isa = PBXFileReference; lastKnownFileType = sourcecode.c.objc; path = AppDelegate.m; sourceTree = "<group>"; };
		35E4D54822C61B23009FBBC9 /* ViewController.h */ = {isa = PBXFileReference; lastKnownFileType = sourcecode.c.h; path = ViewController.h; sourceTree = "<group>"; };
		35E4D54922C61B23009FBBC9 /* ViewController.m */ = {isa = PBXFileReference; lastKnownFileType = sourcecode.c.objc; path = ViewController.m; sourceTree = "<group>"; };
		35E4D54C22C61B23009FBBC9 /* Base */ = {isa = PBXFileReference; lastKnownFileType = file.storyboard; name = Base; path = Base.lproj/Main.storyboard; sourceTree = "<group>"; };
		35E4D54E22C61B25009FBBC9 /* Assets.xcassets */ = {isa = PBXFileReference; lastKnownFileType = folder.assetcatalog; path = Assets.xcassets; sourceTree = "<group>"; };
		35E4D55122C61B25009FBBC9 /* Base */ = {isa = PBXFileReference; lastKnownFileType = file.storyboard; name = Base; path = Base.lproj/LaunchScreen.storyboard; sourceTree = "<group>"; };
		35E4D55322C61B25009FBBC9 /* Info.plist */ = {isa = PBXFileReference; lastKnownFileType = text.plist.xml; path = Info.plist; sourceTree = "<group>"; };
		35E4D55422C61B25009FBBC9 /* main.m */ = {isa = PBXFileReference; lastKnownFileType = sourcecode.c.objc; path = main.m; sourceTree = "<group>"; };
		35E4D57222C625EF009FBBC9 /* CustomRequest.h */ = {isa = PBXFileReference; lastKnownFileType = sourcecode.c.h; path = CustomRequest.h; sourceTree = "<group>"; };
		35E4D57322C625EF009FBBC9 /* CustomRequest.m */ = {isa = PBXFileReference; lastKnownFileType = sourcecode.c.objc; path = CustomRequest.m; sourceTree = "<group>"; };
		35E4D57522C62669009FBBC9 /* Model.h */ = {isa = PBXFileReference; lastKnownFileType = sourcecode.c.h; path = Model.h; sourceTree = "<group>"; };
		35E4D57622C62669009FBBC9 /* Model.m */ = {isa = PBXFileReference; lastKnownFileType = sourcecode.c.objc; path = Model.m; sourceTree = "<group>"; };
		A33692B848B4C3001495AE55 /* Pods-Example.release.xcconfig */ = {isa = PBXFileReference; includeInIndex = 1; lastKnownFileType = text.xcconfig; name = "Pods-Example.release.xcconfig"; path = "Target Support Files/Pods-Example/Pods-Example.release.xcconfig"; sourceTree = "<group>"; };
		C7E77BE14F9A09E0B3A768A9 /* Pods-Example.debug.xcconfig */ = {isa = PBXFileReference; includeInIndex = 1; lastKnownFileType = text.xcconfig; name = "Pods-Example.debug.xcconfig"; path = "Target Support Files/Pods-Example/Pods-Example.debug.xcconfig"; sourceTree = "<group>"; };
/* End PBXFileReference section */

/* Begin PBXFrameworksBuildPhase section */
		35E4D53F22C61B23009FBBC9 /* Frameworks */ = {
			isa = PBXFrameworksBuildPhase;
			buildActionMask = 2147483647;
			files = (
				F271234D3664F4102429FB84 /* libPods-Example.a in Frameworks */,
			);
			runOnlyForDeploymentPostprocessing = 0;
		};
/* End PBXFrameworksBuildPhase section */

/* Begin PBXGroup section */
		35C09C5D22F9731000457581 /* Network */ = {
			isa = PBXGroup;
			children = (
				35C09C6022F9735A00457581 /* LXMHTTPSessionManager.h */,
				35C09C5F22F9735A00457581 /* LXMHTTPSessionManager.m */,
				35C09C6122F9735A00457581 /* LXMInfoDispatcher.h */,
				35C09C5E22F9735A00457581 /* LXMInfoDispatcher.m */,
			);
			path = Network;
			sourceTree = "<group>";
		};
		35E4D53922C61B23009FBBC9 = {
			isa = PBXGroup;
			children = (
				35E4D54422C61B23009FBBC9 /* Example */,
				35E4D54322C61B23009FBBC9 /* Products */,
				E59D902B052856F72719D9E5 /* Pods */,
				38CBB5BC8108E5BB74EEFB8C /* Frameworks */,
			);
			sourceTree = "<group>";
		};
		35E4D54322C61B23009FBBC9 /* Products */ = {
			isa = PBXGroup;
			children = (
				35E4D54222C61B23009FBBC9 /* Example.app */,
			);
			name = Products;
			sourceTree = "<group>";
		};
		35E4D54422C61B23009FBBC9 /* Example */ = {
			isa = PBXGroup;
			children = (
				35C09C5D22F9731000457581 /* Network */,
				35E4D54522C61B23009FBBC9 /* AppDelegate.h */,
				35E4D54622C61B23009FBBC9 /* AppDelegate.m */,
				35E4D54822C61B23009FBBC9 /* ViewController.h */,
				35E4D54922C61B23009FBBC9 /* ViewController.m */,
				35E4D57222C625EF009FBBC9 /* CustomRequest.h */,
				35E4D57322C625EF009FBBC9 /* CustomRequest.m */,
				35E4D57522C62669009FBBC9 /* Model.h */,
				35E4D57622C62669009FBBC9 /* Model.m */,
				35E4D54B22C61B23009FBBC9 /* Main.storyboard */,
				35E4D54E22C61B25009FBBC9 /* Assets.xcassets */,
				35E4D55022C61B25009FBBC9 /* LaunchScreen.storyboard */,
				35E4D55322C61B25009FBBC9 /* Info.plist */,
				35E4D55422C61B25009FBBC9 /* main.m */,
			);
			path = Example;
			sourceTree = "<group>";
		};
		38CBB5BC8108E5BB74EEFB8C /* Frameworks */ = {
			isa = PBXGroup;
			children = (
				18432EC9BE06B0BB412F41B6 /* libPods-Example.a */,
			);
			name = Frameworks;
			sourceTree = "<group>";
		};
		E59D902B052856F72719D9E5 /* Pods */ = {
			isa = PBXGroup;
			children = (
				C7E77BE14F9A09E0B3A768A9 /* Pods-Example.debug.xcconfig */,
				A33692B848B4C3001495AE55 /* Pods-Example.release.xcconfig */,
			);
			path = Pods;
			sourceTree = "<group>";
		};
/* End PBXGroup section */

/* Begin PBXNativeTarget section */
		35E4D54122C61B23009FBBC9 /* Example */ = {
			isa = PBXNativeTarget;
			buildConfigurationList = 35E4D55822C61B25009FBBC9 /* Build configuration list for PBXNativeTarget "Example" */;
			buildPhases = (
				FCA25333D90F08BF33828108 /* [CP] Check Pods Manifest.lock */,
				35E4D53E22C61B23009FBBC9 /* Sources */,
				35E4D53F22C61B23009FBBC9 /* Frameworks */,
				35E4D54022C61B23009FBBC9 /* Resources */,
			);
			buildRules = (
			);
			dependencies = (
			);
			name = Example;
			productName = Example;
			productReference = 35E4D54222C61B23009FBBC9 /* Example.app */;
			productType = "com.apple.product-type.application";
		};
/* End PBXNativeTarget section */

/* Begin PBXProject section */
		35E4D53A22C61B23009FBBC9 /* Project object */ = {
			isa = PBXProject;
			attributes = {
				LastUpgradeCheck = 1020;
				ORGANIZATIONNAME = omiao;
				TargetAttributes = {
					35E4D54122C61B23009FBBC9 = {
						CreatedOnToolsVersion = 10.2.1;
					};
				};
			};
			buildConfigurationList = 35E4D53D22C61B23009FBBC9 /* Build configuration list for PBXProject "Example" */;
			compatibilityVersion = "Xcode 9.3";
			developmentRegion = en;
			hasScannedForEncodings = 0;
			knownRegions = (
				en,
				Base,
			);
			mainGroup = 35E4D53922C61B23009FBBC9;
			productRefGroup = 35E4D54322C61B23009FBBC9 /* Products */;
			projectDirPath = "";
			projectRoot = "";
			targets = (
				35E4D54122C61B23009FBBC9 /* Example */,
			);
		};
/* End PBXProject section */

/* Begin PBXResourcesBuildPhase section */
		35E4D54022C61B23009FBBC9 /* Resources */ = {
			isa = PBXResourcesBuildPhase;
			buildActionMask = 2147483647;
			files = (
				35E4D55222C61B25009FBBC9 /* LaunchScreen.storyboard in Resources */,
				35E4D54F22C61B25009FBBC9 /* Assets.xcassets in Resources */,
				35E4D54D22C61B23009FBBC9 /* Main.storyboard in Resources */,
			);
			runOnlyForDeploymentPostprocessing = 0;
		};
/* End PBXResourcesBuildPhase section */

/* Begin PBXShellScriptBuildPhase section */
		FCA25333D90F08BF33828108 /* [CP] Check Pods Manifest.lock */ = {
			isa = PBXShellScriptBuildPhase;
			buildActionMask = 2147483647;
			files = (
			);
			inputFileListPaths = (
			);
			inputPaths = (
				"${PODS_PODFILE_DIR_PATH}/Podfile.lock",
				"${PODS_ROOT}/Manifest.lock",
			);
			name = "[CP] Check Pods Manifest.lock";
			outputFileListPaths = (
			);
			outputPaths = (
				"$(DERIVED_FILE_DIR)/Pods-Example-checkManifestLockResult.txt",
			);
			runOnlyForDeploymentPostprocessing = 0;
			shellPath = /bin/sh;
			shellScript = "diff \"${PODS_PODFILE_DIR_PATH}/Podfile.lock\" \"${PODS_ROOT}/Manifest.lock\" > /dev/null\nif [ $? != 0 ] ; then\n    # print error to STDERR\n    echo \"error: The sandbox is not in sync with the Podfile.lock. Run 'pod install' or update your CocoaPods installation.\" >&2\n    exit 1\nfi\n# This output is used by Xcode 'outputs' to avoid re-running this script phase.\necho \"SUCCESS\" > \"${SCRIPT_OUTPUT_FILE_0}\"\n";
			showEnvVarsInLog = 0;
		};
/* End PBXShellScriptBuildPhase section */

/* Begin PBXSourcesBuildPhase section */
		35E4D53E22C61B23009FBBC9 /* Sources */ = {
			isa = PBXSourcesBuildPhase;
			buildActionMask = 2147483647;
			files = (
				35E4D54A22C61B23009FBBC9 /* ViewController.m in Sources */,
				35E4D55522C61B25009FBBC9 /* main.m in Sources */,
				35E4D54722C61B23009FBBC9 /* AppDelegate.m in Sources */,
				35E4D57722C62669009FBBC9 /* Model.m in Sources */,
				35C09C6222F9735A00457581 /* LXMInfoDispatcher.m in Sources */,
				35C09C6322F9735A00457581 /* LXMHTTPSessionManager.m in Sources */,
				35E4D57422C625EF009FBBC9 /* CustomRequest.m in Sources */,
			);
			runOnlyForDeploymentPostprocessing = 0;
		};
/* End PBXSourcesBuildPhase section */

/* Begin PBXVariantGroup section */
		35E4D54B22C61B23009FBBC9 /* Main.storyboard */ = {
			isa = PBXVariantGroup;
			children = (
				35E4D54C22C61B23009FBBC9 /* Base */,
			);
			name = Main.storyboard;
			sourceTree = "<group>";
		};
		35E4D55022C61B25009FBBC9 /* LaunchScreen.storyboard */ = {
			isa = PBXVariantGroup;
			children = (
				35E4D55122C61B25009FBBC9 /* Base */,
			);
			name = LaunchScreen.storyboard;
			sourceTree = "<group>";
		};
/* End PBXVariantGroup section */

/* Begin XCBuildConfiguration section */
		35E4D55622C61B25009FBBC9 /* Debug */ = {
			isa = XCBuildConfiguration;
			buildSettings = {
				ALWAYS_SEARCH_USER_PATHS = NO;
				CLANG_ANALYZER_NONNULL = YES;
				CLANG_ANALYZER_NUMBER_OBJECT_CONVERSION = YES_AGGRESSIVE;
				CLANG_CXX_LANGUAGE_STANDARD = "gnu++14";
				CLANG_CXX_LIBRARY = "libc++";
				CLANG_ENABLE_MODULES = YES;
				CLANG_ENABLE_OBJC_ARC = YES;
				CLANG_ENABLE_OBJC_WEAK = YES;
				CLANG_WARN_BLOCK_CAPTURE_AUTORELEASING = YES;
				CLANG_WARN_BOOL_CONVERSION = YES;
				CLANG_WARN_COMMA = YES;
				CLANG_WARN_CONSTANT_CONVERSION = YES;
				CLANG_WARN_DEPRECATED_OBJC_IMPLEMENTATIONS = YES;
				CLANG_WARN_DIRECT_OBJC_ISA_USAGE = YES_ERROR;
				CLANG_WARN_DOCUMENTATION_COMMENTS = YES;
				CLANG_WARN_EMPTY_BODY = YES;
				CLANG_WARN_ENUM_CONVERSION = YES;
				CLANG_WARN_INFINITE_RECURSION = YES;
				CLANG_WARN_INT_CONVERSION = YES;
				CLANG_WARN_NON_LITERAL_NULL_CONVERSION = YES;
				CLANG_WARN_OBJC_IMPLICIT_RETAIN_SELF = YES;
				CLANG_WARN_OBJC_LITERAL_CONVERSION = YES;
				CLANG_WARN_OBJC_ROOT_CLASS = YES_ERROR;
				CLANG_WARN_RANGE_LOOP_ANALYSIS = YES;
				CLANG_WARN_STRICT_PROTOTYPES = YES;
				CLANG_WARN_SUSPICIOUS_MOVE = YES;
				CLANG_WARN_UNGUARDED_AVAILABILITY = YES_AGGRESSIVE;
				CLANG_WARN_UNREACHABLE_CODE = YES;
				CLANG_WARN__DUPLICATE_METHOD_MATCH = YES;
				CODE_SIGN_IDENTITY = "iPhone Developer";
				COPY_PHASE_STRIP = NO;
				DEBUG_INFORMATION_FORMAT = dwarf;
				ENABLE_STRICT_OBJC_MSGSEND = YES;
				ENABLE_TESTABILITY = YES;
				GCC_C_LANGUAGE_STANDARD = gnu11;
				GCC_DYNAMIC_NO_PIC = NO;
				GCC_NO_COMMON_BLOCKS = YES;
				GCC_OPTIMIZATION_LEVEL = 0;
				GCC_PREPROCESSOR_DEFINITIONS = (
					"DEBUG=1",
					"$(inherited)",
				);
				GCC_WARN_64_TO_32_BIT_CONVERSION = YES;
				GCC_WARN_ABOUT_RETURN_TYPE = YES_ERROR;
				GCC_WARN_UNDECLARED_SELECTOR = YES;
				GCC_WARN_UNINITIALIZED_AUTOS = YES_AGGRESSIVE;
				GCC_WARN_UNUSED_FUNCTION = YES;
				GCC_WARN_UNUSED_VARIABLE = YES;
				IPHONEOS_DEPLOYMENT_TARGET = 12.2;
				MTL_ENABLE_DEBUG_INFO = INCLUDE_SOURCE;
				MTL_FAST_MATH = YES;
				ONLY_ACTIVE_ARCH = YES;
				SDKROOT = iphoneos;
			};
			name = Debug;
		};
		35E4D55722C61B25009FBBC9 /* Release */ = {
			isa = XCBuildConfiguration;
			buildSettings = {
				ALWAYS_SEARCH_USER_PATHS = NO;
				CLANG_ANALYZER_NONNULL = YES;
				CLANG_ANALYZER_NUMBER_OBJECT_CONVERSION = YES_AGGRESSIVE;
				CLANG_CXX_LANGUAGE_STANDARD = "gnu++14";
				CLANG_CXX_LIBRARY = "libc++";
				CLANG_ENABLE_MODULES = YES;
				CLANG_ENABLE_OBJC_ARC = YES;
				CLANG_ENABLE_OBJC_WEAK = YES;
				CLANG_WARN_BLOCK_CAPTURE_AUTORELEASING = YES;
				CLANG_WARN_BOOL_CONVERSION = YES;
				CLANG_WARN_COMMA = YES;
				CLANG_WARN_CONSTANT_CONVERSION = YES;
				CLANG_WARN_DEPRECATED_OBJC_IMPLEMENTATIONS = YES;
				CLANG_WARN_DIRECT_OBJC_ISA_USAGE = YES_ERROR;
				CLANG_WARN_DOCUMENTATION_COMMENTS = YES;
				CLANG_WARN_EMPTY_BODY = YES;
				CLANG_WARN_ENUM_CONVERSION = YES;
				CLANG_WARN_INFINITE_RECURSION = YES;
				CLANG_WARN_INT_CONVERSION = YES;
				CLANG_WARN_NON_LITERAL_NULL_CONVERSION = YES;
				CLANG_WARN_OBJC_IMPLICIT_RETAIN_SELF = YES;
				CLANG_WARN_OBJC_LITERAL_CONVERSION = YES;
				CLANG_WARN_OBJC_ROOT_CLASS = YES_ERROR;
				CLANG_WARN_RANGE_LOOP_ANALYSIS = YES;
				CLANG_WARN_STRICT_PROTOTYPES = YES;
				CLANG_WARN_SUSPICIOUS_MOVE = YES;
				CLANG_WARN_UNGUARDED_AVAILABILITY = YES_AGGRESSIVE;
				CLANG_WARN_UNREACHABLE_CODE = YES;
				CLANG_WARN__DUPLICATE_METHOD_MATCH = YES;
				CODE_SIGN_IDENTITY = "iPhone Developer";
				COPY_PHASE_STRIP = NO;
				DEBUG_INFORMATION_FORMAT = "dwarf-with-dsym";
				ENABLE_NS_ASSERTIONS = NO;
				ENABLE_STRICT_OBJC_MSGSEND = YES;
				GCC_C_LANGUAGE_STANDARD = gnu11;
				GCC_NO_COMMON_BLOCKS = YES;
				GCC_WARN_64_TO_32_BIT_CONVERSION = YES;
				GCC_WARN_ABOUT_RETURN_TYPE = YES_ERROR;
				GCC_WARN_UNDECLARED_SELECTOR = YES;
				GCC_WARN_UNINITIALIZED_AUTOS = YES_AGGRESSIVE;
				GCC_WARN_UNUSED_FUNCTION = YES;
				GCC_WARN_UNUSED_VARIABLE = YES;
				IPHONEOS_DEPLOYMENT_TARGET = 12.2;
				MTL_ENABLE_DEBUG_INFO = NO;
				MTL_FAST_MATH = YES;
				SDKROOT = iphoneos;
				VALIDATE_PRODUCT = YES;
			};
			name = Release;
		};
		35E4D55922C61B25009FBBC9 /* Debug */ = {
			isa = XCBuildConfiguration;
			baseConfigurationReference = C7E77BE14F9A09E0B3A768A9 /* Pods-Example.debug.xcconfig */;
			buildSettings = {
				ASSETCATALOG_COMPILER_APPICON_NAME = AppIcon;
				CODE_SIGN_STYLE = Automatic;
				DEVELOPMENT_TEAM = WP957FTYL9;
				INFOPLIST_FILE = Example/Info.plist;
				LD_RUNPATH_SEARCH_PATHS = (
					"$(inherited)",
					"@executable_path/Frameworks",
				);
				PRODUCT_BUNDLE_IDENTIFIER = cc.omiao.Example;
				PRODUCT_NAME = "$(TARGET_NAME)";
				TARGETED_DEVICE_FAMILY = "1,2";
			};
			name = Debug;
		};
		35E4D55A22C61B25009FBBC9 /* Release */ = {
			isa = XCBuildConfiguration;
			baseConfigurationReference = A33692B848B4C3001495AE55 /* Pods-Example.release.xcconfig */;
			buildSettings = {
				ASSETCATALOG_COMPILER_APPICON_NAME = AppIcon;
				CODE_SIGN_STYLE = Automatic;
				DEVELOPMENT_TEAM = WP957FTYL9;
				INFOPLIST_FILE = Example/Info.plist;
				LD_RUNPATH_SEARCH_PATHS = (
					"$(inherited)",
					"@executable_path/Frameworks",
				);
				PRODUCT_BUNDLE_IDENTIFIER = cc.omiao.Example;
				PRODUCT_NAME = "$(TARGET_NAME)";
				TARGETED_DEVICE_FAMILY = "1,2";
			};
			name = Release;
		};
/* End XCBuildConfiguration section */

/* Begin XCConfigurationList section */
		35E4D53D22C61B23009FBBC9 /* Build configuration list for PBXProject "Example" */ = {
			isa = XCConfigurationList;
			buildConfigurations = (
				35E4D55622C61B25009FBBC9 /* Debug */,
				35E4D55722C61B25009FBBC9 /* Release */,
			);
			defaultConfigurationIsVisible = 0;
			defaultConfigurationName = Release;
		};
		35E4D55822C61B25009FBBC9 /* Build configuration list for PBXNativeTarget "Example" */ = {
			isa = XCConfigurationList;
			buildConfigurations = (
				35E4D55922C61B25009FBBC9 /* Debug */,
				35E4D55A22C61B25009FBBC9 /* Release */,
			);
			defaultConfigurationIsVisible = 0;
			defaultConfigurationName = Release;
		};
/* End XCConfigurationList section */
	};
	rootObject = 35E4D53A22C61B23009FBBC9 /* Project object */;
}
